
Microsoft Visual Studio Solution File, Format Version 12.00
# Visual Studio Version 16
VisualStudioVersion = 16.0.30406.217
MinimumVisualStudioVersion = 10.0.40219.1
Project("{9A19103F-16F7-4668-BE54-9A1E7A4F7556}") = "DolarBot", "DolarBot\DolarBot.csproj", "{BA49DF19-9927-4E67-A79A-CD86E3FF0E89}"
EndProject
Project("{9A19103F-16F7-4668-BE54-9A1E7A4F7556}") = "DolarBot.Modules", "DolarBot.Modules\DolarBot.Modules.csproj", "{89A0BA01-977A-474B-8BE6-D8CDB46204CE}"
EndProject
Project("{FAE04EC0-301F-11D3-BF4B-00C04F79EFBC}") = "DolarBot.Util", "DolarBot.Util\DolarBot.Util.csproj", "{29C8CD4B-B16B-4E31-B2D2-7408D0F1837C}"
EndProject
Global
	GlobalSection(SolutionConfigurationPlatforms) = preSolution
		Debug|Any CPU = Debug|Any CPU
		Release|Any CPU = Release|Any CPU
	EndGlobalSection
	GlobalSection(ProjectConfigurationPlatforms) = postSolution
		{BA49DF19-9927-4E67-A79A-CD86E3FF0E89}.Debug|Any CPU.ActiveCfg = Debug|Any CPU
		{BA49DF19-9927-4E67-A79A-CD86E3FF0E89}.Debug|Any CPU.Build.0 = Debug|Any CPU
		{BA49DF19-9927-4E67-A79A-CD86E3FF0E89}.Release|Any CPU.ActiveCfg = Release|Any CPU
		{BA49DF19-9927-4E67-A79A-CD86E3FF0E89}.Release|Any CPU.Build.0 = Release|Any CPU
		{89A0BA01-977A-474B-8BE6-D8CDB46204CE}.Debug|Any CPU.ActiveCfg = Debug|Any CPU
		{89A0BA01-977A-474B-8BE6-D8CDB46204CE}.Debug|Any CPU.Build.0 = Debug|Any CPU
		{89A0BA01-977A-474B-8BE6-D8CDB46204CE}.Release|Any CPU.ActiveCfg = Release|Any CPU
		{89A0BA01-977A-474B-8BE6-D8CDB46204CE}.Release|Any CPU.Build.0 = Release|Any CPU
		{29C8CD4B-B16B-4E31-B2D2-7408D0F1837C}.Debug|Any CPU.ActiveCfg = Debug|Any CPU
		{29C8CD4B-B16B-4E31-B2D2-7408D0F1837C}.Debug|Any CPU.Build.0 = Debug|Any CPU
		{29C8CD4B-B16B-4E31-B2D2-7408D0F1837C}.Release|Any CPU.ActiveCfg = Release|Any CPU
		{29C8CD4B-B16B-4E31-B2D2-7408D0F1837C}.Release|Any CPU.Build.0 = Release|Any CPU
	EndGlobalSection
	GlobalSection(SolutionProperties) = preSolution
		HideSolutionNode = FALSE
	EndGlobalSection
	GlobalSection(ExtensibilityGlobals) = postSolution
		SolutionGuid = {89D11F53-66D7-4054-925D-55933AE4B7B4}
	EndGlobalSection
EndGlobal
